// !$*UTF8*$!
{
	archiveVersion = 1;
	classes = {
	};
	objectVersion = 56;
	objects = {

/* Begin PBXBuildFile section */
		7202B8262C4312EE00602EB5 /* AlertController.swift in Sources */ = {isa = PBXBuildFile; fileRef = 7202B8252C4312EE00602EB5 /* AlertController.swift */; };
		7202B8282C43138000602EB5 /* UIAlertControllerWrapper.swift in Sources */ = {isa = PBXBuildFile; fileRef = 7202B8272C43138000602EB5 /* UIAlertControllerWrapper.swift */; };
		720BC66A2B2A91BF0048C2DE /* Crossword_Created_iPhoneApp.swift in Sources */ = {isa = PBXBuildFile; fileRef = 720BC6692B2A91BF0048C2DE /* Crossword_Created_iPhoneApp.swift */; };
		720BC66C2B2A91BF0048C2DE /* MainView.swift in Sources */ = {isa = PBXBuildFile; fileRef = 720BC66B2B2A91BF0048C2DE /* MainView.swift */; };
		720BC66E2B2A91C00048C2DE /* Assets.xcassets in Resources */ = {isa = PBXBuildFile; fileRef = 720BC66D2B2A91C00048C2DE /* Assets.xcassets */; };
		720BC6712B2A91C00048C2DE /* Preview Assets.xcassets in Resources */ = {isa = PBXBuildFile; fileRef = 720BC6702B2A91C00048C2DE /* Preview Assets.xcassets */; };
		720BC67B2B2A91C10048C2DE /* Crossword_Created_iPhoneTests.swift in Sources */ = {isa = PBXBuildFile; fileRef = 720BC67A2B2A91C10048C2DE /* Crossword_Created_iPhoneTests.swift */; };
		720BC6852B2A91C10048C2DE /* Crossword_Created_iPhoneUITests.swift in Sources */ = {isa = PBXBuildFile; fileRef = 720BC6842B2A91C10048C2DE /* Crossword_Created_iPhoneUITests.swift */; };
		720BC6872B2A91C10048C2DE /* Crossword_Created_iPhoneUITestsLaunchTests.swift in Sources */ = {isa = PBXBuildFile; fileRef = 720BC6862B2A91C10048C2DE /* Crossword_Created_iPhoneUITestsLaunchTests.swift */; };
		72299DE42B2BD39A0024EA78 /* CreateCrosswordView.swift in Sources */ = {isa = PBXBuildFile; fileRef = 72299DE32B2BD39A0024EA78 /* CreateCrosswordView.swift */; };
		72299DE62B2BD3A90024EA78 /* CrosswordKeyboard.swift in Sources */ = {isa = PBXBuildFile; fileRef = 72299DE52B2BD3A90024EA78 /* CrosswordKeyboard.swift */; };
		723891B42C38DD7500A7B7CD /* LoadOrCreateView.swift in Sources */ = {isa = PBXBuildFile; fileRef = 723891B32C38DD7500A7B7CD /* LoadOrCreateView.swift */; };
		723891B62C38E85900A7B7CD /* KeyboardViewController.swift in Sources */ = {isa = PBXBuildFile; fileRef = 723891B52C38E85900A7B7CD /* KeyboardViewController.swift */; };
		723891BA2C39FAE600A7B7CD /* CrosswordDataService.swift in Sources */ = {isa = PBXBuildFile; fileRef = 723891B92C39FAE600A7B7CD /* CrosswordDataService.swift */; };
		728BA7032C4DA9A3008AF785 /* CrosswordBlock.swift in Sources */ = {isa = PBXBuildFile; fileRef = 728BA7022C4DA9A3008AF785 /* CrosswordBlock.swift */; };
		728BA7052C4DAC60008AF785 /* UpdateViewOnUserInteraction.swift in Sources */ = {isa = PBXBuildFile; fileRef = 728BA7042C4DAC60008AF785 /* UpdateViewOnUserInteraction.swift */; };
		729DC2062B2FACB40059B355 /* CreateSettingsView.swift in Sources */ = {isa = PBXBuildFile; fileRef = 729DC2052B2FACB40059B355 /* CreateSettingsView.swift */; };
		729DC2082B2FACCF0059B355 /* PlayView.swift in Sources */ = {isa = PBXBuildFile; fileRef = 729DC2072B2FACCF0059B355 /* PlayView.swift */; };
		729DC20A2B2FE9C60059B355 /* CreateCluesView.swift in Sources */ = {isa = PBXBuildFile; fileRef = 729DC2092B2FE9C60059B355 /* CreateCluesView.swift */; };
		729DC20F2B3886D60059B355 /* CrosswordFill.swift in Sources */ = {isa = PBXBuildFile; fileRef = 729DC20E2B3886D60059B355 /* CrosswordFill.swift */; };
		72F2429A2C43A0E30043616E /* Databases in Resources */ = {isa = PBXBuildFile; fileRef = 72F242992C43A0E30043616E /* Databases */; };
		72F2429B2C43A0E30043616E /* Databases in Resources */ = {isa = PBXBuildFile; fileRef = 72F242992C43A0E30043616E /* Databases */; };
		72F2429C2C43A0E30043616E /* Databases in Resources */ = {isa = PBXBuildFile; fileRef = 72F242992C43A0E30043616E /* Databases */; };
/* End PBXBuildFile section */

/* Begin PBXContainerItemProxy section */
		720BC6772B2A91C10048C2DE /* PBXContainerItemProxy */ = {
			isa = PBXContainerItemProxy;
			containerPortal = 720BC65E2B2A91BF0048C2DE /* Project object */;
			proxyType = 1;
			remoteGlobalIDString = 720BC6652B2A91BF0048C2DE;
			remoteInfo = "Crossword Created iPhone";
		};
		720BC6812B2A91C10048C2DE /* PBXContainerItemProxy */ = {
			isa = PBXContainerItemProxy;
			containerPortal = 720BC65E2B2A91BF0048C2DE /* Project object */;
			proxyType = 1;
			remoteGlobalIDString = 720BC6652B2A91BF0048C2DE;
			remoteInfo = "Crossword Created iPhone";
		};
/* End PBXContainerItemProxy section */

/* Begin PBXFileReference section */
		7202B8252C4312EE00602EB5 /* AlertController.swift */ = {isa = PBXFileReference; lastKnownFileType = sourcecode.swift; path = AlertController.swift; sourceTree = "<group>"; };
		7202B8272C43138000602EB5 /* UIAlertControllerWrapper.swift */ = {isa = PBXFileReference; lastKnownFileType = sourcecode.swift; path = UIAlertControllerWrapper.swift; sourceTree = "<group>"; };
		720BC6662B2A91BF0048C2DE /* Crossword Created iPhone.app */ = {isa = PBXFileReference; explicitFileType = wrapper.application; includeInIndex = 0; path = "Crossword Created iPhone.app"; sourceTree = BUILT_PRODUCTS_DIR; };
		720BC6692B2A91BF0048C2DE /* Crossword_Created_iPhoneApp.swift */ = {isa = PBXFileReference; lastKnownFileType = sourcecode.swift; path = Crossword_Created_iPhoneApp.swift; sourceTree = "<group>"; };
		720BC66B2B2A91BF0048C2DE /* MainView.swift */ = {isa = PBXFileReference; lastKnownFileType = sourcecode.swift; path = MainView.swift; sourceTree = "<group>"; };
		720BC66D2B2A91C00048C2DE /* Assets.xcassets */ = {isa = PBXFileReference; lastKnownFileType = folder.assetcatalog; path = Assets.xcassets; sourceTree = "<group>"; };
		720BC6702B2A91C00048C2DE /* Preview Assets.xcassets */ = {isa = PBXFileReference; lastKnownFileType = folder.assetcatalog; path = "Preview Assets.xcassets"; sourceTree = "<group>"; };
		720BC6762B2A91C10048C2DE /* Crossword Created iPhoneTests.xctest */ = {isa = PBXFileReference; explicitFileType = wrapper.cfbundle; includeInIndex = 0; path = "Crossword Created iPhoneTests.xctest"; sourceTree = BUILT_PRODUCTS_DIR; };
		720BC67A2B2A91C10048C2DE /* Crossword_Created_iPhoneTests.swift */ = {isa = PBXFileReference; lastKnownFileType = sourcecode.swift; path = Crossword_Created_iPhoneTests.swift; sourceTree = "<group>"; };
		720BC6802B2A91C10048C2DE /* Crossword Created iPhoneUITests.xctest */ = {isa = PBXFileReference; explicitFileType = wrapper.cfbundle; includeInIndex = 0; path = "Crossword Created iPhoneUITests.xctest"; sourceTree = BUILT_PRODUCTS_DIR; };
		720BC6842B2A91C10048C2DE /* Crossword_Created_iPhoneUITests.swift */ = {isa = PBXFileReference; lastKnownFileType = sourcecode.swift; path = Crossword_Created_iPhoneUITests.swift; sourceTree = "<group>"; };
		720BC6862B2A91C10048C2DE /* Crossword_Created_iPhoneUITestsLaunchTests.swift */ = {isa = PBXFileReference; lastKnownFileType = sourcecode.swift; path = Crossword_Created_iPhoneUITestsLaunchTests.swift; sourceTree = "<group>"; };
		72299DE32B2BD39A0024EA78 /* CreateCrosswordView.swift */ = {isa = PBXFileReference; lastKnownFileType = sourcecode.swift; path = CreateCrosswordView.swift; sourceTree = "<group>"; };
		72299DE52B2BD3A90024EA78 /* CrosswordKeyboard.swift */ = {isa = PBXFileReference; lastKnownFileType = sourcecode.swift; path = CrosswordKeyboard.swift; sourceTree = "<group>"; };
		723891B32C38DD7500A7B7CD /* LoadOrCreateView.swift */ = {isa = PBXFileReference; lastKnownFileType = sourcecode.swift; path = LoadOrCreateView.swift; sourceTree = "<group>"; };
		723891B52C38E85900A7B7CD /* KeyboardViewController.swift */ = {isa = PBXFileReference; lastKnownFileType = sourcecode.swift; path = KeyboardViewController.swift; sourceTree = "<group>"; };
		723891B92C39FAE600A7B7CD /* CrosswordDataService.swift */ = {isa = PBXFileReference; lastKnownFileType = sourcecode.swift; path = CrosswordDataService.swift; sourceTree = "<group>"; };
		728BA7022C4DA9A3008AF785 /* CrosswordBlock.swift */ = {isa = PBXFileReference; lastKnownFileType = sourcecode.swift; path = CrosswordBlock.swift; sourceTree = "<group>"; };
		728BA7042C4DAC60008AF785 /* UpdateViewOnUserInteraction.swift */ = {isa = PBXFileReference; lastKnownFileType = sourcecode.swift; path = UpdateViewOnUserInteraction.swift; sourceTree = "<group>"; };
		729DC2052B2FACB40059B355 /* CreateSettingsView.swift */ = {isa = PBXFileReference; lastKnownFileType = sourcecode.swift; path = CreateSettingsView.swift; sourceTree = "<group>"; };
		729DC2072B2FACCF0059B355 /* PlayView.swift */ = {isa = PBXFileReference; lastKnownFileType = sourcecode.swift; path = PlayView.swift; sourceTree = "<group>"; };
		729DC2092B2FE9C60059B355 /* CreateCluesView.swift */ = {isa = PBXFileReference; lastKnownFileType = sourcecode.swift; path = CreateCluesView.swift; sourceTree = "<group>"; };
		729DC20E2B3886D60059B355 /* CrosswordFill.swift */ = {isa = PBXFileReference; lastKnownFileType = sourcecode.swift; path = CrosswordFill.swift; sourceTree = "<group>"; };
		72F242992C43A0E30043616E /* Databases */ = {isa = PBXFileReference; lastKnownFileType = folder; name = Databases; path = "Crossword Created iPhone/Databases"; sourceTree = "<group>"; };
/* End PBXFileReference section */

/* Begin PBXFrameworksBuildPhase section */
		720BC6632B2A91BF0048C2DE /* Frameworks */ = {
			isa = PBXFrameworksBuildPhase;
			buildActionMask = 2147483647;
			files = (
			);
			runOnlyForDeploymentPostprocessing = 0;
		};
		720BC6732B2A91C10048C2DE /* Frameworks */ = {
			isa = PBXFrameworksBuildPhase;
			buildActionMask = 2147483647;
			files = (
			);
			runOnlyForDeploymentPostprocessing = 0;
		};
		720BC67D2B2A91C10048C2DE /* Frameworks */ = {
			isa = PBXFrameworksBuildPhase;
			buildActionMask = 2147483647;
			files = (
			);
			runOnlyForDeploymentPostprocessing = 0;
		};
/* End PBXFrameworksBuildPhase section */

/* Begin PBXGroup section */
		720BC65D2B2A91BF0048C2DE = {
			isa = PBXGroup;
			children = (
				72F242992C43A0E30043616E /* Databases */,
				720BC6682B2A91BF0048C2DE /* Crossword Created iPhone */,
				720BC6792B2A91C10048C2DE /* Crossword Created iPhoneTests */,
				720BC6832B2A91C10048C2DE /* Crossword Created iPhoneUITests */,
				720BC6672B2A91BF0048C2DE /* Products */,
			);
			sourceTree = "<group>";
		};
		720BC6672B2A91BF0048C2DE /* Products */ = {
			isa = PBXGroup;
			children = (
				720BC6662B2A91BF0048C2DE /* Crossword Created iPhone.app */,
				720BC6762B2A91C10048C2DE /* Crossword Created iPhoneTests.xctest */,
				720BC6802B2A91C10048C2DE /* Crossword Created iPhoneUITests.xctest */,
			);
			name = Products;
			sourceTree = "<group>";
		};
		720BC6682B2A91BF0048C2DE /* Crossword Created iPhone */ = {
			isa = PBXGroup;
			children = (
				720BC6692B2A91BF0048C2DE /* Crossword_Created_iPhoneApp.swift */,
				728BA6FA2C4DA58D008AF785 /* Crossword Fill */,
				728BA6FD2C4DA62A008AF785 /* Data Persistance */,
				729DC2042B2CF2610059B355 /* Views */,
				720BC66D2B2A91C00048C2DE /* Assets.xcassets */,
				720BC66F2B2A91C00048C2DE /* Preview Content */,
			);
			path = "Crossword Created iPhone";
			sourceTree = "<group>";
		};
		720BC66F2B2A91C00048C2DE /* Preview Content */ = {
			isa = PBXGroup;
			children = (
				720BC6702B2A91C00048C2DE /* Preview Assets.xcassets */,
			);
			path = "Preview Content";
			sourceTree = "<group>";
		};
		720BC6792B2A91C10048C2DE /* Crossword Created iPhoneTests */ = {
			isa = PBXGroup;
			children = (
				720BC67A2B2A91C10048C2DE /* Crossword_Created_iPhoneTests.swift */,
			);
			path = "Crossword Created iPhoneTests";
			sourceTree = "<group>";
		};
		720BC6832B2A91C10048C2DE /* Crossword Created iPhoneUITests */ = {
			isa = PBXGroup;
			children = (
				720BC6842B2A91C10048C2DE /* Crossword_Created_iPhoneUITests.swift */,
				720BC6862B2A91C10048C2DE /* Crossword_Created_iPhoneUITestsLaunchTests.swift */,
			);
			path = "Crossword Created iPhoneUITests";
			sourceTree = "<group>";
		};
		728BA6F92C4DA52B008AF785 /* Create Crossword */ = {
			isa = PBXGroup;
			children = (
				72299DE32B2BD39A0024EA78 /* CreateCrosswordView.swift */,
				728BA7042C4DAC60008AF785 /* UpdateViewOnUserInteraction.swift */,
				728BA7022C4DA9A3008AF785 /* CrosswordBlock.swift */,
			);
			path = "Create Crossword";
			sourceTree = "<group>";
		};
		728BA6FA2C4DA58D008AF785 /* Crossword Fill */ = {
			isa = PBXGroup;
			children = (
				729DC20E2B3886D60059B355 /* CrosswordFill.swift */,
			);
			path = "Crossword Fill";
			sourceTree = "<group>";
		};
		728BA6FB2C4DA5C2008AF785 /* Main View */ = {
			isa = PBXGroup;
			children = (
				720BC66B2B2A91BF0048C2DE /* MainView.swift */,
			);
			path = "Main View";
			sourceTree = "<group>";
		};
		728BA6FC2C4DA5D2008AF785 /* Load Or Create */ = {
			isa = PBXGroup;
			children = (
				723891B32C38DD7500A7B7CD /* LoadOrCreateView.swift */,
				729DC2052B2FACB40059B355 /* CreateSettingsView.swift */,
			);
			path = "Load Or Create";
			sourceTree = "<group>";
		};
		728BA6FD2C4DA62A008AF785 /* Data Persistance */ = {
			isa = PBXGroup;
			children = (
				723891B92C39FAE600A7B7CD /* CrosswordDataService.swift */,
			);
			path = "Data Persistance";
			sourceTree = "<group>";
		};
		728BA6FE2C4DA6AF008AF785 /* Play */ = {
			isa = PBXGroup;
			children = (
				729DC2072B2FACCF0059B355 /* PlayView.swift */,
			);
			path = Play;
			sourceTree = "<group>";
		};
		728BA6FF2C4DA6E4008AF785 /* Add Clues */ = {
			isa = PBXGroup;
			children = (
				729DC2092B2FE9C60059B355 /* CreateCluesView.swift */,
			);
			path = "Add Clues";
			sourceTree = "<group>";
		};
		728BA7002C4DA712008AF785 /* Keyboard */ = {
			isa = PBXGroup;
			children = (
				72299DE52B2BD3A90024EA78 /* CrosswordKeyboard.swift */,
				723891B52C38E85900A7B7CD /* KeyboardViewController.swift */,
			);
			path = Keyboard;
			sourceTree = "<group>";
		};
		728BA7012C4DA71B008AF785 /* Alerts */ = {
			isa = PBXGroup;
			children = (
				7202B8252C4312EE00602EB5 /* AlertController.swift */,
				7202B8272C43138000602EB5 /* UIAlertControllerWrapper.swift */,
			);
			path = Alerts;
			sourceTree = "<group>";
		};
		729DC2042B2CF2610059B355 /* Views */ = {
			isa = PBXGroup;
			children = (
				728BA6FB2C4DA5C2008AF785 /* Main View */,
				728BA6FC2C4DA5D2008AF785 /* Load Or Create */,
				728BA6F92C4DA52B008AF785 /* Create Crossword */,
				728BA6FE2C4DA6AF008AF785 /* Play */,
				728BA6FF2C4DA6E4008AF785 /* Add Clues */,
				728BA7002C4DA712008AF785 /* Keyboard */,
				728BA7012C4DA71B008AF785 /* Alerts */,
			);
			path = Views;
			sourceTree = "<group>";
		};
/* End PBXGroup section */

/* Begin PBXNativeTarget section */
		720BC6652B2A91BF0048C2DE /* Crossword Created iPhone */ = {
			isa = PBXNativeTarget;
			buildConfigurationList = 720BC68A2B2A91C10048C2DE /* Build configuration list for PBXNativeTarget "Crossword Created iPhone" */;
			buildPhases = (
				720BC6622B2A91BF0048C2DE /* Sources */,
				720BC6632B2A91BF0048C2DE /* Frameworks */,
				720BC6642B2A91BF0048C2DE /* Resources */,
			);
			buildRules = (
			);
			dependencies = (
			);
			name = "Crossword Created iPhone";
			productName = "Crossword Created iPhone";
			productReference = 720BC6662B2A91BF0048C2DE /* Crossword Created iPhone.app */;
			productType = "com.apple.product-type.application";
		};
		720BC6752B2A91C10048C2DE /* Crossword Created iPhoneTests */ = {
			isa = PBXNativeTarget;
			buildConfigurationList = 720BC68D2B2A91C10048C2DE /* Build configuration list for PBXNativeTarget "Crossword Created iPhoneTests" */;
			buildPhases = (
				720BC6722B2A91C10048C2DE /* Sources */,
				720BC6732B2A91C10048C2DE /* Frameworks */,
				720BC6742B2A91C10048C2DE /* Resources */,
			);
			buildRules = (
			);
			dependencies = (
				720BC6782B2A91C10048C2DE /* PBXTargetDependency */,
			);
			name = "Crossword Created iPhoneTests";
			productName = "Crossword Created iPhoneTests";
			productReference = 720BC6762B2A91C10048C2DE /* Crossword Created iPhoneTests.xctest */;
			productType = "com.apple.product-type.bundle.unit-test";
		};
		720BC67F2B2A91C10048C2DE /* Crossword Created iPhoneUITests */ = {
			isa = PBXNativeTarget;
			buildConfigurationList = 720BC6902B2A91C10048C2DE /* Build configuration list for PBXNativeTarget "Crossword Created iPhoneUITests" */;
			buildPhases = (
				720BC67C2B2A91C10048C2DE /* Sources */,
				720BC67D2B2A91C10048C2DE /* Frameworks */,
				720BC67E2B2A91C10048C2DE /* Resources */,
			);
			buildRules = (
			);
			dependencies = (
				720BC6822B2A91C10048C2DE /* PBXTargetDependency */,
			);
			name = "Crossword Created iPhoneUITests";
			productName = "Crossword Created iPhoneUITests";
			productReference = 720BC6802B2A91C10048C2DE /* Crossword Created iPhoneUITests.xctest */;
			productType = "com.apple.product-type.bundle.ui-testing";
		};
/* End PBXNativeTarget section */

/* Begin PBXProject section */
		720BC65E2B2A91BF0048C2DE /* Project object */ = {
			isa = PBXProject;
			attributes = {
				BuildIndependentTargetsInParallel = 1;
				LastSwiftUpdateCheck = 1510;
				LastUpgradeCheck = 1510;
				TargetAttributes = {
					720BC6652B2A91BF0048C2DE = {
						CreatedOnToolsVersion = 15.1;
					};
					720BC6752B2A91C10048C2DE = {
						CreatedOnToolsVersion = 15.1;
						TestTargetID = 720BC6652B2A91BF0048C2DE;
					};
					720BC67F2B2A91C10048C2DE = {
						CreatedOnToolsVersion = 15.1;
						TestTargetID = 720BC6652B2A91BF0048C2DE;
					};
				};
			};
			buildConfigurationList = 720BC6612B2A91BF0048C2DE /* Build configuration list for PBXProject "Crossword Created iPhone" */;
			compatibilityVersion = "Xcode 14.0";
			developmentRegion = en;
			hasScannedForEncodings = 0;
			knownRegions = (
				en,
				Base,
			);
			mainGroup = 720BC65D2B2A91BF0048C2DE;
			productRefGroup = 720BC6672B2A91BF0048C2DE /* Products */;
			projectDirPath = "";
			projectRoot = "";
			targets = (
				720BC6652B2A91BF0048C2DE /* Crossword Created iPhone */,
				720BC6752B2A91C10048C2DE /* Crossword Created iPhoneTests */,
				720BC67F2B2A91C10048C2DE /* Crossword Created iPhoneUITests */,
			);
		};
/* End PBXProject section */

/* Begin PBXResourcesBuildPhase section */
		720BC6642B2A91BF0048C2DE /* Resources */ = {
			isa = PBXResourcesBuildPhase;
			buildActionMask = 2147483647;
			files = (
				720BC6712B2A91C00048C2DE /* Preview Assets.xcassets in Resources */,
				72F2429A2C43A0E30043616E /* Databases in Resources */,
				720BC66E2B2A91C00048C2DE /* Assets.xcassets in Resources */,
			);
			runOnlyForDeploymentPostprocessing = 0;
		};
		720BC6742B2A91C10048C2DE /* Resources */ = {
			isa = PBXResourcesBuildPhase;
			buildActionMask = 2147483647;
			files = (
				72F2429B2C43A0E30043616E /* Databases in Resources */,
			);
			runOnlyForDeploymentPostprocessing = 0;
		};
		720BC67E2B2A91C10048C2DE /* Resources */ = {
			isa = PBXResourcesBuildPhase;
			buildActionMask = 2147483647;
			files = (
				72F2429C2C43A0E30043616E /* Databases in Resources */,
			);
			runOnlyForDeploymentPostprocessing = 0;
		};
/* End PBXResourcesBuildPhase section */

/* Begin PBXSourcesBuildPhase section */
		720BC6622B2A91BF0048C2DE /* Sources */ = {
			isa = PBXSourcesBuildPhase;
			buildActionMask = 2147483647;
			files = (
				729DC20A2B2FE9C60059B355 /* CreateCluesView.swift in Sources */,
				72299DE42B2BD39A0024EA78 /* CreateCrosswordView.swift in Sources */,
				72299DE62B2BD3A90024EA78 /* CrosswordKeyboard.swift in Sources */,
				723891BA2C39FAE600A7B7CD /* CrosswordDataService.swift in Sources */,
				7202B8262C4312EE00602EB5 /* AlertController.swift in Sources */,
				728BA7052C4DAC60008AF785 /* UpdateViewOnUserInteraction.swift in Sources */,
				7202B8282C43138000602EB5 /* UIAlertControllerWrapper.swift in Sources */,
				728BA7032C4DA9A3008AF785 /* CrosswordBlock.swift in Sources */,
				729DC2082B2FACCF0059B355 /* PlayView.swift in Sources */,
				729DC20F2B3886D60059B355 /* CrosswordFill.swift in Sources */,
				720BC66C2B2A91BF0048C2DE /* MainView.swift in Sources */,
				729DC2062B2FACB40059B355 /* CreateSettingsView.swift in Sources */,
				723891B62C38E85900A7B7CD /* KeyboardViewController.swift in Sources */,
				723891B42C38DD7500A7B7CD /* LoadOrCreateView.swift in Sources */,
				720BC66A2B2A91BF0048C2DE /* Crossword_Created_iPhoneApp.swift in Sources */,
			);
			runOnlyForDeploymentPostprocessing = 0;
		};
		720BC6722B2A91C10048C2DE /* Sources */ = {
			isa = PBXSourcesBuildPhase;
			buildActionMask = 2147483647;
			files = (
				720BC67B2B2A91C10048C2DE /* Crossword_Created_iPhoneTests.swift in Sources */,
			);
			runOnlyForDeploymentPostprocessing = 0;
		};
		720BC67C2B2A91C10048C2DE /* Sources */ = {
			isa = PBXSourcesBuildPhase;
			buildActionMask = 2147483647;
			files = (
				720BC6852B2A91C10048C2DE /* Crossword_Created_iPhoneUITests.swift in Sources */,
				720BC6872B2A91C10048C2DE /* Crossword_Created_iPhoneUITestsLaunchTests.swift in Sources */,
			);
			runOnlyForDeploymentPostprocessing = 0;
		};
/* End PBXSourcesBuildPhase section */

/* Begin PBXTargetDependency section */
		720BC6782B2A91C10048C2DE /* PBXTargetDependency */ = {
			isa = PBXTargetDependency;
			target = 720BC6652B2A91BF0048C2DE /* Crossword Created iPhone */;
			targetProxy = 720BC6772B2A91C10048C2DE /* PBXContainerItemProxy */;
		};
		720BC6822B2A91C10048C2DE /* PBXTargetDependency */ = {
			isa = PBXTargetDependency;
			target = 720BC6652B2A91BF0048C2DE /* Crossword Created iPhone */;
			targetProxy = 720BC6812B2A91C10048C2DE /* PBXContainerItemProxy */;
		};
/* End PBXTargetDependency section */

/* Begin XCBuildConfiguration section */
		720BC6882B2A91C10048C2DE /* Debug */ = {
			isa = XCBuildConfiguration;
			buildSettings = {
				ALWAYS_SEARCH_USER_PATHS = NO;
				ASSETCATALOG_COMPILER_GENERATE_SWIFT_ASSET_SYMBOL_EXTENSIONS = YES;
				CLANG_ANALYZER_NONNULL = YES;
				CLANG_ANALYZER_NUMBER_OBJECT_CONVERSION = YES_AGGRESSIVE;
				CLANG_CXX_LANGUAGE_STANDARD = "gnu++20";
				CLANG_ENABLE_MODULES = YES;
				CLANG_ENABLE_OBJC_ARC = YES;
				CLANG_ENABLE_OBJC_WEAK = YES;
				CLANG_WARN_BLOCK_CAPTURE_AUTORELEASING = YES;
				CLANG_WARN_BOOL_CONVERSION = YES;
				CLANG_WARN_COMMA = YES;
				CLANG_WARN_CONSTANT_CONVERSION = YES;
				CLANG_WARN_DEPRECATED_OBJC_IMPLEMENTATIONS = YES;
				CLANG_WARN_DIRECT_OBJC_ISA_USAGE = YES_ERROR;
				CLANG_WARN_DOCUMENTATION_COMMENTS = YES;
				CLANG_WARN_EMPTY_BODY = YES;
				CLANG_WARN_ENUM_CONVERSION = YES;
				CLANG_WARN_INFINITE_RECURSION = YES;
				CLANG_WARN_INT_CONVERSION = YES;
				CLANG_WARN_NON_LITERAL_NULL_CONVERSION = YES;
				CLANG_WARN_OBJC_IMPLICIT_RETAIN_SELF = YES;
				CLANG_WARN_OBJC_LITERAL_CONVERSION = YES;
				CLANG_WARN_OBJC_ROOT_CLASS = YES_ERROR;
				CLANG_WARN_QUOTED_INCLUDE_IN_FRAMEWORK_HEADER = YES;
				CLANG_WARN_RANGE_LOOP_ANALYSIS = YES;
				CLANG_WARN_STRICT_PROTOTYPES = YES;
				CLANG_WARN_SUSPICIOUS_MOVE = YES;
				CLANG_WARN_UNGUARDED_AVAILABILITY = YES_AGGRESSIVE;
				CLANG_WARN_UNREACHABLE_CODE = YES;
				CLANG_WARN__DUPLICATE_METHOD_MATCH = YES;
				COPY_PHASE_STRIP = NO;
				DEBUG_INFORMATION_FORMAT = dwarf;
				ENABLE_STRICT_OBJC_MSGSEND = YES;
				ENABLE_TESTABILITY = YES;
				ENABLE_USER_SCRIPT_SANDBOXING = YES;
				GCC_C_LANGUAGE_STANDARD = gnu17;
				GCC_DYNAMIC_NO_PIC = NO;
				GCC_NO_COMMON_BLOCKS = YES;
				GCC_OPTIMIZATION_LEVEL = 0;
				GCC_PREPROCESSOR_DEFINITIONS = (
					"DEBUG=1",
					"$(inherited)",
				);
				GCC_WARN_64_TO_32_BIT_CONVERSION = YES;
				GCC_WARN_ABOUT_RETURN_TYPE = YES_ERROR;
				GCC_WARN_UNDECLARED_SELECTOR = YES;
				GCC_WARN_UNINITIALIZED_AUTOS = YES_AGGRESSIVE;
				GCC_WARN_UNUSED_FUNCTION = YES;
				GCC_WARN_UNUSED_VARIABLE = YES;
				IPHONEOS_DEPLOYMENT_TARGET = 17.2;
				LOCALIZATION_PREFERS_STRING_CATALOGS = YES;
				MTL_ENABLE_DEBUG_INFO = INCLUDE_SOURCE;
				MTL_FAST_MATH = YES;
				ONLY_ACTIVE_ARCH = YES;
				SDKROOT = iphoneos;
				SWIFT_ACTIVE_COMPILATION_CONDITIONS = "DEBUG $(inherited)";
				SWIFT_OPTIMIZATION_LEVEL = "-Onone";
			};
			name = Debug;
		};
		720BC6892B2A91C10048C2DE /* Release */ = {
			isa = XCBuildConfiguration;
			buildSettings = {
				ALWAYS_SEARCH_USER_PATHS = NO;
				ASSETCATALOG_COMPILER_GENERATE_SWIFT_ASSET_SYMBOL_EXTENSIONS = YES;
				CLANG_ANALYZER_NONNULL = YES;
				CLANG_ANALYZER_NUMBER_OBJECT_CONVERSION = YES_AGGRESSIVE;
				CLANG_CXX_LANGUAGE_STANDARD = "gnu++20";
				CLANG_ENABLE_MODULES = YES;
				CLANG_ENABLE_OBJC_ARC = YES;
				CLANG_ENABLE_OBJC_WEAK = YES;
				CLANG_WARN_BLOCK_CAPTURE_AUTORELEASING = YES;
				CLANG_WARN_BOOL_CONVERSION = YES;
				CLANG_WARN_COMMA = YES;
				CLANG_WARN_CONSTANT_CONVERSION = YES;
				CLANG_WARN_DEPRECATED_OBJC_IMPLEMENTATIONS = YES;
				CLANG_WARN_DIRECT_OBJC_ISA_USAGE = YES_ERROR;
				CLANG_WARN_DOCUMENTATION_COMMENTS = YES;
				CLANG_WARN_EMPTY_BODY = YES;
				CLANG_WARN_ENUM_CONVERSION = YES;
				CLANG_WARN_INFINITE_RECURSION = YES;
				CLANG_WARN_INT_CONVERSION = YES;
				CLANG_WARN_NON_LITERAL_NULL_CONVERSION = YES;
				CLANG_WARN_OBJC_IMPLICIT_RETAIN_SELF = YES;
				CLANG_WARN_OBJC_LITERAL_CONVERSION = YES;
				CLANG_WARN_OBJC_ROOT_CLASS = YES_ERROR;
				CLANG_WARN_QUOTED_INCLUDE_IN_FRAMEWORK_HEADER = YES;
				CLANG_WARN_RANGE_LOOP_ANALYSIS = YES;
				CLANG_WARN_STRICT_PROTOTYPES = YES;
				CLANG_WARN_SUSPICIOUS_MOVE = YES;
				CLANG_WARN_UNGUARDED_AVAILABILITY = YES_AGGRESSIVE;
				CLANG_WARN_UNREACHABLE_CODE = YES;
				CLANG_WARN__DUPLICATE_METHOD_MATCH = YES;
				COPY_PHASE_STRIP = NO;
				DEBUG_INFORMATION_FORMAT = "dwarf-with-dsym";
				ENABLE_NS_ASSERTIONS = NO;
				ENABLE_STRICT_OBJC_MSGSEND = YES;
				ENABLE_USER_SCRIPT_SANDBOXING = YES;
				GCC_C_LANGUAGE_STANDARD = gnu17;
				GCC_NO_COMMON_BLOCKS = YES;
				GCC_WARN_64_TO_32_BIT_CONVERSION = YES;
				GCC_WARN_ABOUT_RETURN_TYPE = YES_ERROR;
				GCC_WARN_UNDECLARED_SELECTOR = YES;
				GCC_WARN_UNINITIALIZED_AUTOS = YES_AGGRESSIVE;
				GCC_WARN_UNUSED_FUNCTION = YES;
				GCC_WARN_UNUSED_VARIABLE = YES;
				IPHONEOS_DEPLOYMENT_TARGET = 17.2;
				LOCALIZATION_PREFERS_STRING_CATALOGS = YES;
				MTL_ENABLE_DEBUG_INFO = NO;
				MTL_FAST_MATH = YES;
				SDKROOT = iphoneos;
				SWIFT_COMPILATION_MODE = wholemodule;
				VALIDATE_PRODUCT = YES;
			};
			name = Release;
		};
		720BC68B2B2A91C10048C2DE /* Debug */ = {
			isa = XCBuildConfiguration;
			buildSettings = {
				ASSETCATALOG_COMPILER_APPICON_NAME = AppIcon;
				ASSETCATALOG_COMPILER_GLOBAL_ACCENT_COLOR_NAME = AccentColor;
				CODE_SIGN_STYLE = Automatic;
				CURRENT_PROJECT_VERSION = 1;
				DEVELOPMENT_ASSET_PATHS = "\"Crossword Created iPhone/Preview Content\"";
				DEVELOPMENT_TEAM = V3RVQHYJ2Z;
				ENABLE_PREVIEWS = YES;
				GENERATE_INFOPLIST_FILE = YES;
				INFOPLIST_KEY_UIApplicationSceneManifest_Generation = YES;
				INFOPLIST_KEY_UIApplicationSupportsIndirectInputEvents = YES;
				INFOPLIST_KEY_UILaunchScreen_Generation = YES;
				INFOPLIST_KEY_UISupportedInterfaceOrientations_iPad = "UIInterfaceOrientationPortrait UIInterfaceOrientationPortraitUpsideDown UIInterfaceOrientationLandscapeLeft UIInterfaceOrientationLandscapeRight";
				INFOPLIST_KEY_UISupportedInterfaceOrientations_iPhone = "UIInterfaceOrientationPortrait UIInterfaceOrientationLandscapeLeft UIInterfaceOrientationLandscapeRight";
				IPHONEOS_DEPLOYMENT_TARGET = 16.0;
				LD_RUNPATH_SEARCH_PATHS = (
					"$(inherited)",
					"@executable_path/Frameworks",
				);
				MARKETING_VERSION = 1.0;
				PRODUCT_BUNDLE_IDENTIFIER = "jmckstudios.Crossword-Created-iPhone";
				PRODUCT_NAME = "$(TARGET_NAME)";
				SWIFT_EMIT_LOC_STRINGS = YES;
				SWIFT_VERSION = 5.0;
				TARGETED_DEVICE_FAMILY = "1,2";
			};
			name = Debug;
		};
		720BC68C2B2A91C10048C2DE /* Release */ = {
			isa = XCBuildConfiguration;
			buildSettings = {
				ASSETCATALOG_COMPILER_APPICON_NAME = AppIcon;
				ASSETCATALOG_COMPILER_GLOBAL_ACCENT_COLOR_NAME = AccentColor;
				CODE_SIGN_STYLE = Automatic;
				CURRENT_PROJECT_VERSION = 1;
				DEVELOPMENT_ASSET_PATHS = "\"Crossword Created iPhone/Preview Content\"";
				DEVELOPMENT_TEAM = V3RVQHYJ2Z;
				ENABLE_PREVIEWS = YES;
				GENERATE_INFOPLIST_FILE = YES;
				INFOPLIST_KEY_UIApplicationSceneManifest_Generation = YES;
				INFOPLIST_KEY_UIApplicationSupportsIndirectInputEvents = YES;
				INFOPLIST_KEY_UILaunchScreen_Generation = YES;
				INFOPLIST_KEY_UISupportedInterfaceOrientations_iPad = "UIInterfaceOrientationPortrait UIInterfaceOrientationPortraitUpsideDown UIInterfaceOrientationLandscapeLeft UIInterfaceOrientationLandscapeRight";
				INFOPLIST_KEY_UISupportedInterfaceOrientations_iPhone = "UIInterfaceOrientationPortrait UIInterfaceOrientationLandscapeLeft UIInterfaceOrientationLandscapeRight";
				IPHONEOS_DEPLOYMENT_TARGET = 16.0;
				LD_RUNPATH_SEARCH_PATHS = (
					"$(inherited)",
					"@executable_path/Frameworks",
				);
				MARKETING_VERSION = 1.0;
				PRODUCT_BUNDLE_IDENTIFIER = "jmckstudios.Crossword-Created-iPhone";
				PRODUCT_NAME = "$(TARGET_NAME)";
				SWIFT_EMIT_LOC_STRINGS = YES;
				SWIFT_VERSION = 5.0;
				TARGETED_DEVICE_FAMILY = "1,2";
			};
			name = Release;
		};
		720BC68E2B2A91C10048C2DE /* Debug */ = {
			isa = XCBuildConfiguration;
			buildSettings = {
				ALWAYS_EMBED_SWIFT_STANDARD_LIBRARIES = YES;
				BUNDLE_LOADER = "$(TEST_HOST)";
				CODE_SIGN_STYLE = Automatic;
				CURRENT_PROJECT_VERSION = 1;
				GENERATE_INFOPLIST_FILE = YES;
				IPHONEOS_DEPLOYMENT_TARGET = 17.2;
				MARKETING_VERSION = 1.0;
				PRODUCT_BUNDLE_IDENTIFIER = "jmckstudios.Crossword-Created-iPhoneTests";
				PRODUCT_NAME = "$(TARGET_NAME)";
				SWIFT_EMIT_LOC_STRINGS = NO;
				SWIFT_VERSION = 5.0;
				TARGETED_DEVICE_FAMILY = "1,2";
				TEST_HOST = "$(BUILT_PRODUCTS_DIR)/Crossword Created iPhone.app/$(BUNDLE_EXECUTABLE_FOLDER_PATH)/Crossword Created iPhone";
			};
			name = Debug;
		};
		720BC68F2B2A91C10048C2DE /* Release */ = {
			isa = XCBuildConfiguration;
			buildSettings = {
				ALWAYS_EMBED_SWIFT_STANDARD_LIBRARIES = YES;
				BUNDLE_LOADER = "$(TEST_HOST)";
				CODE_SIGN_STYLE = Automatic;
				CURRENT_PROJECT_VERSION = 1;
				GENERATE_INFOPLIST_FILE = YES;
				IPHONEOS_DEPLOYMENT_TARGET = 17.2;
				MARKETING_VERSION = 1.0;
				PRODUCT_BUNDLE_IDENTIFIER = "jmckstudios.Crossword-Created-iPhoneTests";
				PRODUCT_NAME = "$(TARGET_NAME)";
				SWIFT_EMIT_LOC_STRINGS = NO;
				SWIFT_VERSION = 5.0;
				TARGETED_DEVICE_FAMILY = "1,2";
				TEST_HOST = "$(BUILT_PRODUCTS_DIR)/Crossword Created iPhone.app/$(BUNDLE_EXECUTABLE_FOLDER_PATH)/Crossword Created iPhone";
			};
			name = Release;
		};
		720BC6912B2A91C10048C2DE /* Debug */ = {
			isa = XCBuildConfiguration;
			buildSettings = {
				ALWAYS_EMBED_SWIFT_STANDARD_LIBRARIES = YES;
				CODE_SIGN_STYLE = Automatic;
				CURRENT_PROJECT_VERSION = 1;
				GENERATE_INFOPLIST_FILE = YES;
				MARKETING_VERSION = 1.0;
				PRODUCT_BUNDLE_IDENTIFIER = "jmckstudios.Crossword-Created-iPhoneUITests";
				PRODUCT_NAME = "$(TARGET_NAME)";
				SWIFT_EMIT_LOC_STRINGS = NO;
				SWIFT_VERSION = 5.0;
				TARGETED_DEVICE_FAMILY = "1,2";
				TEST_TARGET_NAME = "Crossword Created iPhone";
			};
			name = Debug;
		};
		720BC6922B2A91C10048C2DE /* Release */ = {
			isa = XCBuildConfiguration;
			buildSettings = {
				ALWAYS_EMBED_SWIFT_STANDARD_LIBRARIES = YES;
				CODE_SIGN_STYLE = Automatic;
				CURRENT_PROJECT_VERSION = 1;
				GENERATE_INFOPLIST_FILE = YES;
				MARKETING_VERSION = 1.0;
				PRODUCT_BUNDLE_IDENTIFIER = "jmckstudios.Crossword-Created-iPhoneUITests";
				PRODUCT_NAME = "$(TARGET_NAME)";
				SWIFT_EMIT_LOC_STRINGS = NO;
				SWIFT_VERSION = 5.0;
				TARGETED_DEVICE_FAMILY = "1,2";
				TEST_TARGET_NAME = "Crossword Created iPhone";
			};
			name = Release;
		};
/* End XCBuildConfiguration section */

/* Begin XCConfigurationList section */
		720BC6612B2A91BF0048C2DE /* Build configuration list for PBXProject "Crossword Created iPhone" */ = {
			isa = XCConfigurationList;
			buildConfigurations = (
				720BC6882B2A91C10048C2DE /* Debug */,
				720BC6892B2A91C10048C2DE /* Release */,
			);
			defaultConfigurationIsVisible = 0;
			defaultConfigurationName = Release;
		};
		720BC68A2B2A91C10048C2DE /* Build configuration list for PBXNativeTarget "Crossword Created iPhone" */ = {
			isa = XCConfigurationList;
			buildConfigurations = (
				720BC68B2B2A91C10048C2DE /* Debug */,
				720BC68C2B2A91C10048C2DE /* Release */,
			);
			defaultConfigurationIsVisible = 0;
			defaultConfigurationName = Release;
		};
		720BC68D2B2A91C10048C2DE /* Build configuration list for PBXNativeTarget "Crossword Created iPhoneTests" */ = {
			isa = XCConfigurationList;
			buildConfigurations = (
				720BC68E2B2A91C10048C2DE /* Debug */,
				720BC68F2B2A91C10048C2DE /* Release */,
			);
			defaultConfigurationIsVisible = 0;
			defaultConfigurationName = Release;
		};
		720BC6902B2A91C10048C2DE /* Build configuration list for PBXNativeTarget "Crossword Created iPhoneUITests" */ = {
			isa = XCConfigurationList;
			buildConfigurations = (
				720BC6912B2A91C10048C2DE /* Debug */,
				720BC6922B2A91C10048C2DE /* Release */,
			);
			defaultConfigurationIsVisible = 0;
			defaultConfigurationName = Release;
		};
/* End XCConfigurationList section */
	};
	rootObject = 720BC65E2B2A91BF0048C2DE /* Project object */;
}
